
Microsoft Visual Studio Solution File, Format Version 12.00
# Visual Studio Version 16
VisualStudioVersion = 16.0.31129.286
MinimumVisualStudioVersion = 10.0.40219.1
Project("{2150E333-8FDC-42A3-9474-1A3956D46DE8}") = "Solution Items", "Solution Items", "{C2488508-107A-49D7-BA2F-F66B8FC24DA4}"
	ProjectSection(SolutionItems) = preProject
		.gitignore = .gitignore
		LICENSE = LICENSE
		README.md = README.md
	EndProjectSection
EndProject
Project("{9A19103F-16F7-4668-BE54-9A1E7A4F7556}") = "AirportToTimeZone", "source\AirportToTimeZone\AirportToTimeZone.csproj", "{89DB60D3-26EF-44DE-BF2C-9808A0BF03B0}"
EndProject
Project("{FAE04EC0-301F-11D3-BF4B-00C04F79EFBC}") = "AirportToTimeZone.Tests", "test\AirportToTimeZone.Tests\AirportToTimeZone.Tests.csproj", "{A5239A7A-A303-4846-930C-5C7055F1A3BC}"
EndProject
Global
	GlobalSection(SolutionConfigurationPlatforms) = preSolution
		Debug|Any CPU = Debug|Any CPU
		Release|Any CPU = Release|Any CPU
	EndGlobalSection
	GlobalSection(ProjectConfigurationPlatforms) = postSolution
		{89DB60D3-26EF-44DE-BF2C-9808A0BF03B0}.Debug|Any CPU.ActiveCfg = Debug|Any CPU
		{89DB60D3-26EF-44DE-BF2C-9808A0BF03B0}.Debug|Any CPU.Build.0 = Debug|Any CPU
		{89DB60D3-26EF-44DE-BF2C-9808A0BF03B0}.Release|Any CPU.ActiveCfg = Release|Any CPU
		{89DB60D3-26EF-44DE-BF2C-9808A0BF03B0}.Release|Any CPU.Build.0 = Release|Any CPU
		{A5239A7A-A303-4846-930C-5C7055F1A3BC}.Debug|Any CPU.ActiveCfg = Debug|Any CPU
		{A5239A7A-A303-4846-930C-5C7055F1A3BC}.Debug|Any CPU.Build.0 = Debug|Any CPU
		{A5239A7A-A303-4846-930C-5C7055F1A3BC}.Release|Any CPU.ActiveCfg = Release|Any CPU
		{A5239A7A-A303-4846-930C-5C7055F1A3BC}.Release|Any CPU.Build.0 = Release|Any CPU
	EndGlobalSection
	GlobalSection(SolutionProperties) = preSolution
		HideSolutionNode = FALSE
	EndGlobalSection
	GlobalSection(ExtensibilityGlobals) = postSolution
		SolutionGuid = {51D02BD1-2146-483C-8775-A77CA3B67CB1}
	EndGlobalSection
EndGlobal
